
Microsoft Visual Studio Solution File, Format Version 10.00
# Visual C# Express 2008
Project("{FAE04EC0-301F-11D3-BF4B-00C04F79EFBC}") = "ConsoleApplication1", "ConsoleApplication1\ConsoleApplication1.csproj", "{807FA123-FBFC-40EE-85D5-817085F8BEBE}"
EndProject
Global
	GlobalSection(SolutionConfigurationPlatforms) = preSolution
		Debug|Any CPU = Debug|Any CPU
		Release|Any CPU = Release|Any CPU
	EndGlobalSection
	GlobalSection(ProjectConfigurationPlatforms) = postSolution
		{807FA123-FBFC-40EE-85D5-817085F8BEBE}.Debug|Any CPU.ActiveCfg = Debug|Any CPU
		{807FA123-FBFC-40EE-85D5-817085F8BEBE}.Debug|Any CPU.Build.0 = Debug|Any CPU
		{807FA123-FBFC-40EE-85D5-817085F8BEBE}.Release|Any CPU.ActiveCfg = Release|Any CPU
		{807FA123-FBFC-40EE-85D5-817085F8BEBE}.Release|Any CPU.Build.0 = Release|Any CPU
	EndGlobalSection
	GlobalSection(SolutionProperties) = preSolution
		HideSolutionNode = FALSE
	EndGlobalSection
EndGlobal
